
Microsoft Visual Studio Solution File, Format Version 12.00
# Visual Studio Version 17
VisualStudioVersion = 17.13.35825.156 d17.13
MinimumVisualStudioVersion = 10.0.40219.1
Project("{F2A71F9B-5D33-465A-A702-920D77279786}") = "BulkyWeb", "BulkyWeb\BulkyWeb.fsproj", "{EECB2E11-ABF3-B949-EC36-4EE06763C867}"
EndProject
Project("{FAE04EC0-301F-11D3-BF4B-00C04F79EFBC}") = "Bulky.AppHost", "Bulky.AppHost\Bulky.AppHost.csproj", "{DC523CC1-9A4E-47D7-B30E-D065284CDCD1}"
EndProject
Project("{FAE04EC0-301F-11D3-BF4B-00C04F79EFBC}") = "Bulky.ServiceDefaults", "Bulky.ServiceDefaults\Bulky.ServiceDefaults.csproj", "{27F3C34C-8A1B-64CF-B1BC-EBF3065105FE}"
EndProject
Global
	GlobalSection(SolutionConfigurationPlatforms) = preSolution
		Debug|Any CPU = Debug|Any CPU
		Release|Any CPU = Release|Any CPU
	EndGlobalSection
	GlobalSection(ProjectConfigurationPlatforms) = postSolution
		{EECB2E11-ABF3-B949-EC36-4EE06763C867}.Debug|Any CPU.ActiveCfg = Debug|Any CPU
		{EECB2E11-ABF3-B949-EC36-4EE06763C867}.Debug|Any CPU.Build.0 = Debug|Any CPU
		{EECB2E11-ABF3-B949-EC36-4EE06763C867}.Release|Any CPU.ActiveCfg = Release|Any CPU
		{EECB2E11-ABF3-B949-EC36-4EE06763C867}.Release|Any CPU.Build.0 = Release|Any CPU
		{DC523CC1-9A4E-47D7-B30E-D065284CDCD1}.Debug|Any CPU.ActiveCfg = Debug|Any CPU
		{DC523CC1-9A4E-47D7-B30E-D065284CDCD1}.Debug|Any CPU.Build.0 = Debug|Any CPU
		{DC523CC1-9A4E-47D7-B30E-D065284CDCD1}.Release|Any CPU.ActiveCfg = Release|Any CPU
		{DC523CC1-9A4E-47D7-B30E-D065284CDCD1}.Release|Any CPU.Build.0 = Release|Any CPU
		{27F3C34C-8A1B-64CF-B1BC-EBF3065105FE}.Debug|Any CPU.ActiveCfg = Debug|Any CPU
		{27F3C34C-8A1B-64CF-B1BC-EBF3065105FE}.Debug|Any CPU.Build.0 = Debug|Any CPU
		{27F3C34C-8A1B-64CF-B1BC-EBF3065105FE}.Release|Any CPU.ActiveCfg = Release|Any CPU
		{27F3C34C-8A1B-64CF-B1BC-EBF3065105FE}.Release|Any CPU.Build.0 = Release|Any CPU
	EndGlobalSection
	GlobalSection(SolutionProperties) = preSolution
		HideSolutionNode = FALSE
	EndGlobalSection
	GlobalSection(ExtensibilityGlobals) = postSolution
		SolutionGuid = {F0125A3C-8B3E-4B9E-A24C-60247784F9CB}
	EndGlobalSection
EndGlobal
